
Microsoft Visual Studio Solution File, Format Version 12.00
# Visual Studio Version 17
VisualStudioVersion = 17.14.36202.13 d17.14
MinimumVisualStudioVersion = 10.0.40219.1
Project("{8BC9CEB8-8B4A-11D0-8D11-00A0C91BC942}") = "moonlight-xbox-dx", "moonlight-xbox-dx.vcxproj", "{0D5DFFAA-E5DD-4A61-B3EC-0A73EF86C9B1}"
	ProjectSection(ProjectDependencies) = postProject
		{F4776924-619C-42C7-88B2-82C947CCC9E7} = {F4776924-619C-42C7-88B2-82C947CCC9E7}
	EndProjectSection
EndProject
Project("{8BC9CEB8-8B4A-11D0-8D11-00A0C91BC942}") = "moonlight-common-c", "third_party\moonlight-common-c\build\moonlight-common-c.vcxproj", "{907F8F4C-1A69-3EAE-958D-6DD5F9687D18}"
EndProject
Project("{8BC9CEB8-8B4A-11D0-8D11-00A0C91BC942}") = "gamestream", "libgamestream\build\gamestream.vcxproj", "{E368A220-73FD-34D4-B90C-20D4A4A2C856}"
EndProject
Project("{8BC9CEB8-8B4A-11D0-8D11-00A0C91BC942}") = "enet", "third_party\moonlight-common-c\build\enet\enet.vcxproj", "{A5FCAA0C-6F79-37B5-911A-42B60C58A174}"
EndProject
Project("{8BC9CEB8-8B4A-11D0-8D11-00A0C91BC942}") = "DirectXTK", "third_party\DirectXTK\DirectXTK_Windows10_2022.vcxproj", "{F4776924-619C-42C7-88B2-82C947CCC9E7}"
EndProject
Global
	GlobalSection(SolutionConfigurationPlatforms) = preSolution
		Debug|x64 = Debug|x64
		MinSizeRel|x64 = MinSizeRel|x64
		Release|x64 = Release|x64
		RelWithDebInfo|x64 = RelWithDebInfo|x64
	EndGlobalSection
	GlobalSection(ProjectConfigurationPlatforms) = postSolution
		{0D5DFFAA-E5DD-4A61-B3EC-0A73EF86C9B1}.Debug|x64.ActiveCfg = Debug|x64
		{0D5DFFAA-E5DD-4A61-B3EC-0A73EF86C9B1}.Debug|x64.Build.0 = Debug|x64
		{0D5DFFAA-E5DD-4A61-B3EC-0A73EF86C9B1}.Debug|x64.Deploy.0 = Debug|x64
		{0D5DFFAA-E5DD-4A61-B3EC-0A73EF86C9B1}.MinSizeRel|x64.ActiveCfg = Release|x64
		{0D5DFFAA-E5DD-4A61-B3EC-0A73EF86C9B1}.MinSizeRel|x64.Build.0 = Release|x64
		{0D5DFFAA-E5DD-4A61-B3EC-0A73EF86C9B1}.MinSizeRel|x64.Deploy.0 = Release|x64
		{0D5DFFAA-E5DD-4A61-B3EC-0A73EF86C9B1}.Release|x64.ActiveCfg = Release|x64
		{0D5DFFAA-E5DD-4A61-B3EC-0A73EF86C9B1}.Release|x64.Build.0 = Release|x64
		{0D5DFFAA-E5DD-4A61-B3EC-0A73EF86C9B1}.Release|x64.Deploy.0 = Release|x64
		{0D5DFFAA-E5DD-4A61-B3EC-0A73EF86C9B1}.RelWithDebInfo|x64.ActiveCfg = Release|x64
		{0D5DFFAA-E5DD-4A61-B3EC-0A73EF86C9B1}.RelWithDebInfo|x64.Build.0 = Release|x64
		{0D5DFFAA-E5DD-4A61-B3EC-0A73EF86C9B1}.RelWithDebInfo|x64.Deploy.0 = Release|x64
		{907F8F4C-1A69-3EAE-958D-6DD5F9687D18}.Debug|x64.ActiveCfg = Debug|x64
		{907F8F4C-1A69-3EAE-958D-6DD5F9687D18}.Debug|x64.Build.0 = Debug|x64
		{907F8F4C-1A69-3EAE-958D-6DD5F9687D18}.MinSizeRel|x64.ActiveCfg = MinSizeRel|x64
		{907F8F4C-1A69-3EAE-958D-6DD5F9687D18}.MinSizeRel|x64.Build.0 = MinSizeRel|x64
		{907F8F4C-1A69-3EAE-958D-6DD5F9687D18}.Release|x64.ActiveCfg = Release|x64
		{907F8F4C-1A69-3EAE-958D-6DD5F9687D18}.Release|x64.Build.0 = Release|x64
		{907F8F4C-1A69-3EAE-958D-6DD5F9687D18}.RelWithDebInfo|x64.ActiveCfg = RelWithDebInfo|x64
		{907F8F4C-1A69-3EAE-958D-6DD5F9687D18}.RelWithDebInfo|x64.Build.0 = RelWithDebInfo|x64
		{E368A220-73FD-34D4-B90C-20D4A4A2C856}.Debug|x64.ActiveCfg = Debug|x64
		{E368A220-73FD-34D4-B90C-20D4A4A2C856}.Debug|x64.Build.0 = Debug|x64
		{E368A220-73FD-34D4-B90C-20D4A4A2C856}.MinSizeRel|x64.ActiveCfg = MinSizeRel|x64
		{E368A220-73FD-34D4-B90C-20D4A4A2C856}.MinSizeRel|x64.Build.0 = MinSizeRel|x64
		{E368A220-73FD-34D4-B90C-20D4A4A2C856}.Release|x64.ActiveCfg = Release|x64
		{E368A220-73FD-34D4-B90C-20D4A4A2C856}.Release|x64.Build.0 = Release|x64
		{E368A220-73FD-34D4-B90C-20D4A4A2C856}.RelWithDebInfo|x64.ActiveCfg = RelWithDebInfo|x64
		{E368A220-73FD-34D4-B90C-20D4A4A2C856}.RelWithDebInfo|x64.Build.0 = RelWithDebInfo|x64
		{A5FCAA0C-6F79-37B5-911A-42B60C58A174}.Debug|x64.ActiveCfg = Debug|x64
		{A5FCAA0C-6F79-37B5-911A-42B60C58A174}.Debug|x64.Build.0 = Debug|x64
		{A5FCAA0C-6F79-37B5-911A-42B60C58A174}.MinSizeRel|x64.ActiveCfg = MinSizeRel|x64
		{A5FCAA0C-6F79-37B5-911A-42B60C58A174}.MinSizeRel|x64.Build.0 = MinSizeRel|x64
		{A5FCAA0C-6F79-37B5-911A-42B60C58A174}.Release|x64.ActiveCfg = Release|x64
		{A5FCAA0C-6F79-37B5-911A-42B60C58A174}.Release|x64.Build.0 = Release|x64
		{A5FCAA0C-6F79-37B5-911A-42B60C58A174}.RelWithDebInfo|x64.ActiveCfg = RelWithDebInfo|x64
		{A5FCAA0C-6F79-37B5-911A-42B60C58A174}.RelWithDebInfo|x64.Build.0 = RelWithDebInfo|x64
		{F4776924-619C-42C7-88B2-82C947CCC9E7}.Debug|x64.ActiveCfg = Debug|x64
		{F4776924-619C-42C7-88B2-82C947CCC9E7}.Debug|x64.Build.0 = Debug|x64
		{F4776924-619C-42C7-88B2-82C947CCC9E7}.MinSizeRel|x64.ActiveCfg = Release|x64
		{F4776924-619C-42C7-88B2-82C947CCC9E7}.MinSizeRel|x64.Build.0 = Release|x64
		{F4776924-619C-42C7-88B2-82C947CCC9E7}.Release|x64.ActiveCfg = Release|x64
		{F4776924-619C-42C7-88B2-82C947CCC9E7}.Release|x64.Build.0 = Release|x64
		{F4776924-619C-42C7-88B2-82C947CCC9E7}.RelWithDebInfo|x64.ActiveCfg = Debug|x64
		{F4776924-619C-42C7-88B2-82C947CCC9E7}.RelWithDebInfo|x64.Build.0 = Debug|x64
	EndGlobalSection
	GlobalSection(SolutionProperties) = preSolution
		HideSolutionNode = FALSE
	EndGlobalSection
	GlobalSection(ExtensibilityGlobals) = postSolution
		SolutionGuid = {67FC43E2-746A-479C-8C73-6413B2DDDA0A}
	EndGlobalSection
EndGlobal
